<?xml version="1.0" encoding="utf-8"?>
<Project ToolsVersion="4.0" xmlns="http://schemas.microsoft.com/developer/msbuild/2003">
  <ItemGroup>
    <Filter Include="Source files">
      <UniqueIdentifier>{745f98c7-d57e-4b47-8db8-f98af62140ea}</UniqueIdentifier>
      <Extensions>cpp;c;cc;cxx;def;odl;idl;hpj;bat;asm;asmx</Extensions>
    </Filter>
    <Filter Include="Header files">
      <UniqueIdentifier>{b6c7a86a-c7f8-4763-8d8e-b13f5bdd2382}</UniqueIdentifier>
      <Extensions>h;hpp;hxx;hm;inl;inc;xsd</Extensions>
    </Filter>
    <Filter Include="Resource files">
      <UniqueIdentifier>{fd1c2cac-d647-4520-9b4f-151f419e416e}</UniqueIdentifier>
      <Extensions>rc;ico;cur;bmp;dlg;rc2;rct;bin;rgs;gif;jpg;jpeg;jpe;resx;tiff;tif;png;wav</Extensions>
    </Filter>
    <Filter Include="Source files\USER">
      <UniqueIdentifier>{43e6a0ed-c7a6-4cea-92d1-160c603ce181}</UniqueIdentifier>
    </Filter>
    <Filter Include="Source files\SYSTEM">
      <UniqueIdentifier>{6d853c19-c3be-453a-9e3f-bb52c643f03a}</UniqueIdentifier>
    </Filter>
    <Filter Include="Source files\CONFIG">
      <UniqueIdentifier>{fdbd6355-3ce0-433f-8678-00c0773e2ba5}</UniqueIdentifier>
    </Filter>
    <Filter Include="Source files\COMMUNICATE">
      <UniqueIdentifier>{d3d7a0ff-ffe6-4214-ae1e-48114eb71055}</UniqueIdentifier>
    </Filter>
    <Filter Include="Source files\GUI_APP">
      <UniqueIdentifier>{9afa347b-855c-4a26-8548-c74695067d82}</UniqueIdentifier>
    </Filter>
    <Filter Include="Source files\COMMON">
      <UniqueIdentifier>{3d52b35a-6ce2-4240-b61b-4a4bff904edc}</UniqueIdentifier>
    </Filter>
    <Filter Include="Source files\HARDWARE">
      <UniqueIdentifier>{ce5a36c2-dd6e-4450-a80c-9c3ad668fde0}</UniqueIdentifier>
    </Filter>
    <Filter Include="Source files\GUI_DRV">
      <UniqueIdentifier>{afae1737-3525-42da-a6b5-cbca14d2f97f}</UniqueIdentifier>
    </Filter>
    <Filter Include="Source files\FreeRTOS">
      <UniqueIdentifier>{68a029f1-2f46-4c01-8076-2fbfa42ec456}</UniqueIdentifier>
    </Filter>
    <Filter Include="Source files\USB_CONFIG">
      <UniqueIdentifier>{a56efc42-f7b1-4b2d-bfb9-541973eca8a7}</UniqueIdentifier>
    </Filter>
    <Filter Include="Source files\USB_CORE">
      <UniqueIdentifier>{ceb086c7-06ae-40b8-9c01-e155be565f39}</UniqueIdentifier>
    </Filter>
    <Filter Include="Source files\FWLib">
      <UniqueIdentifier>{dea2d43d-7244-49a2-ab1a-ec1cbcb00ca7}</UniqueIdentifier>
    </Filter>
    <Filter Include="Source files\CORE">
      <UniqueIdentifier>{64be7ab1-b30b-42b5-ab93-040070e4bdd7}</UniqueIdentifier>
    </Filter>
    <Filter Include="Source files\README">
      <UniqueIdentifier>{000815e6-9593-4c39-88d6-62f51b494479}</UniqueIdentifier>
    </Filter>
    <Filter Include="Source files\Device-specific files">
      <UniqueIdentifier>{5e63dac4-1682-4685-9752-494df7d5b8af}</UniqueIdentifier>
    </Filter>
    <Filter Include="Header files\USER">
      <UniqueIdentifier>{1f68af31-8bfa-485a-8ca7-5e94f4807261}</UniqueIdentifier>
    </Filter>
    <Filter Include="Header files\SYSTEM">
      <UniqueIdentifier>{298cf53c-264f-4740-a249-ca4203776af5}</UniqueIdentifier>
    </Filter>
    <Filter Include="Header files\CONFIG">
      <UniqueIdentifier>{98ec7ed3-f4df-48fe-8271-367f26d9ccf3}</UniqueIdentifier>
    </Filter>
    <Filter Include="Header files\COMMUNICATE">
      <UniqueIdentifier>{9da0d39b-209b-42c5-b263-448127222c4a}</UniqueIdentifier>
    </Filter>
    <Filter Include="Header files\GUI_APP">
      <UniqueIdentifier>{19270c34-a7bf-47ad-b0f8-98e60ce54ac9}</UniqueIdentifier>
    </Filter>
    <Filter Include="Header files\COMMON">
      <UniqueIdentifier>{f2f541de-64ef-40c1-a395-5339ca9431d7}</UniqueIdentifier>
    </Filter>
    <Filter Include="Header files\HARDWARE">
      <UniqueIdentifier>{6ac08dcb-6ebb-40d5-898a-793be0110bbf}</UniqueIdentifier>
    </Filter>
    <Filter Include="Header files\GUI_DRV">
      <UniqueIdentifier>{e5b42514-463d-4b01-af01-08c7615a3578}</UniqueIdentifier>
    </Filter>
    <Filter Include="Header files\FreeRTOS">
      <UniqueIdentifier>{b8c7d80c-f360-4627-b2a2-cf3897da778d}</UniqueIdentifier>
    </Filter>
    <Filter Include="Header files\USB_CONFIG">
      <UniqueIdentifier>{3a001da2-2b78-4bb9-bf24-5589511b4183}</UniqueIdentifier>
    </Filter>
    <Filter Include="Header files\USB_CORE">
      <UniqueIdentifier>{96e0d8bb-ad25-4953-b30d-7cac967540d9}</UniqueIdentifier>
    </Filter>
    <Filter Include="Header files\FWLib">
      <UniqueIdentifier>{a45d87a7-4aec-4ab5-99f5-691836649d76}</UniqueIdentifier>
    </Filter>
    <Filter Include="Header files\CORE">
      <UniqueIdentifier>{20209b2b-23b7-4fd6-9dd4-32a04b596311}</UniqueIdentifier>
    </Filter>
    <Filter Include="Header files\README">
      <UniqueIdentifier>{c29c36b7-343d-4edf-82b2-629fb0d1c93e}</UniqueIdentifier>
    </Filter>
    <Filter Include="Header files\Device-specific files">
      <UniqueIdentifier>{8f751bfd-f807-4513-b56b-1733340b6e52}</UniqueIdentifier>
    </Filter>
    <Filter Include="VisualGDB settings">
      <UniqueIdentifier>{3f4858af-96b3-4a78-9f7f-89500d4b7d90}</UniqueIdentifier>
    </Filter>
  </ItemGroup>
  <ItemGroup>
    <ClCompile Include="..\..\..\..\Firmware_F103 V1.1\USER\main.c">
      <Filter>Source files\USER</Filter>
    </ClCompile>
    <ClCompile Include="..\..\..\..\Firmware_F103 V1.1\USER\stm32f10x_it.c">
      <Filter>Source files\USER</Filter>
    </ClCompile>
    <ClCompile Include="..\..\..\..\Firmware_F103 V1.1\USER\system_stm32f10x.c">
      <Filter>Source files\USER</Filter>
    </ClCompile>
    <ClCompile Include="..\..\..\..\Firmware_F103 V1.1\SYSTEM\delay\delay.c">
      <Filter>Source files\SYSTEM</Filter>
    </ClCompile>
    <ClCompile Include="..\..\..\..\Firmware_F103 V1.1\SYSTEM\sys\sys.c">
      <Filter>Source files\SYSTEM</Filter>
    </ClCompile>
    <ClCompile Include="..\..\..\..\Firmware_F103 V1.1\CONFIG\src\config_param.c">
      <Filter>Source files\CONFIG</Filter>
    </ClCompile>
    <ClCompile Include="..\..\..\..\Firmware_F103 V1.1\COMMUNICATE\src\atkp.c">
      <Filter>Source files\COMMUNICATE</Filter>
    </ClCompile>
    <ClCompile Include="..\..\..\..\Firmware_F103 V1.1\COMMUNICATE\src\beep.c">
      <Filter>Source files\COMMUNICATE</Filter>
    </ClCompile>
    <ClCompile Include="..\..\..\..\Firmware_F103 V1.1\COMMUNICATE\src\joystick.c">
      <Filter>Source files\COMMUNICATE</Filter>
    </ClCompile>
    <ClCompile Include="..\..\..\..\Firmware_F103 V1.1\COMMUNICATE\src\keyTask.c">
      <Filter>Source files\COMMUNICATE</Filter>
    </ClCompile>
    <ClCompile Include="..\..\..\..\Firmware_F103 V1.1\COMMUNICATE\src\radiolink.c">
      <Filter>Source files\COMMUNICATE</Filter>
    </ClCompile>
    <ClCompile Include="..\..\..\..\Firmware_F103 V1.1\COMMUNICATE\src\remoter_ctrl.c">
      <Filter>Source files\COMMUNICATE</Filter>
    </ClCompile>
    <ClCompile Include="..\..\..\..\Firmware_F103 V1.1\COMMUNICATE\src\usblink.c">
      <Filter>Source files\COMMUNICATE</Filter>
    </ClCompile>
    <ClCompile Include="..\..\..\..\Firmware_F103 V1.1\GUI_APP\src\debug_ui.c">
      <Filter>Source files\GUI_APP</Filter>
    </ClCompile>
    <ClCompile Include="..\..\..\..\Firmware_F103 V1.1\GUI_APP\src\display.c">
      <Filter>Source files\GUI_APP</Filter>
    </ClCompile>
    <ClCompile Include="..\..\..\..\Firmware_F103 V1.1\GUI_APP\src\joystickCalib_ui.c">
      <Filter>Source files\GUI_APP</Filter>
    </ClCompile>
    <ClCompile Include="..\..\..\..\Firmware_F103 V1.1\GUI_APP\src\main_ui.c">
      <Filter>Source files\GUI_APP</Filter>
    </ClCompile>
    <ClCompile Include="..\..\..\..\Firmware_F103 V1.1\GUI_APP\src\match_ui.c">
      <Filter>Source files\GUI_APP</Filter>
    </ClCompile>
    <ClCompile Include="..\..\..\..\Firmware_F103 V1.1\GUI_APP\src\menu_ui.c">
      <Filter>Source files\GUI_APP</Filter>
    </ClCompile>
    <ClCompile Include="..\..\..\..\Firmware_F103 V1.1\GUI_APP\src\menuL1_item.c">
      <Filter>Source files\GUI_APP</Filter>
    </ClCompile>
    <ClCompile Include="..\..\..\..\Firmware_F103 V1.1\GUI_APP\src\menuL2_item.c">
      <Filter>Source files\GUI_APP</Filter>
    </ClCompile>
    <ClCompile Include="..\..\..\..\Firmware_F103 V1.1\GUI_APP\src\menuL3_item.c">
      <Filter>Source files\GUI_APP</Filter>
    </ClCompile>
    <ClCompile Include="..\..\..\..\Firmware_F103 V1.1\GUI_APP\src\reset_ui.c">
      <Filter>Source files\GUI_APP</Filter>
    </ClCompile>
    <ClCompile Include="..\..\..\..\Firmware_F103 V1.1\GUI_APP\src\trim_ui.c">
      <Filter>Source files\GUI_APP</Filter>
    </ClCompile>
    <ClCompile Include="..\..\..\..\Firmware_F103 V1.1\COMMON\src\debug_assert.c">
      <Filter>Source files\COMMON</Filter>
    </ClCompile>
    <ClCompile Include="..\..\..\..\Firmware_F103 V1.1\COMMON\src\freeRTOSdebug.c">
      <Filter>Source files\COMMON</Filter>
    </ClCompile>
    <ClCompile Include="..\..\..\..\Firmware_F103 V1.1\HARDWARE\src\24l01.c">
      <Filter>Source files\HARDWARE</Filter>
    </ClCompile>
    <ClCompile Include="..\..\..\..\Firmware_F103 V1.1\HARDWARE\src\adc.c">
      <Filter>Source files\HARDWARE</Filter>
    </ClCompile>
    <ClCompile Include="..\..\..\..\Firmware_F103 V1.1\HARDWARE\src\key.c">
      <Filter>Source files\HARDWARE</Filter>
    </ClCompile>
    <ClCompile Include="..\..\..\..\Firmware_F103 V1.1\HARDWARE\src\led.c">
      <Filter>Source files\HARDWARE</Filter>
    </ClCompile>
    <ClCompile Include="..\..\..\..\Firmware_F103 V1.1\HARDWARE\src\oled.c">
      <Filter>Source files\HARDWARE</Filter>
    </ClCompile>
    <ClCompile Include="..\..\..\..\Firmware_F103 V1.1\HARDWARE\src\stmflash.c">
      <Filter>Source files\HARDWARE</Filter>
    </ClCompile>
    <ClCompile Include="..\..\..\..\Firmware_F103 V1.1\GUI_DRV\src\button.c">
      <Filter>Source files\GUI_DRV</Filter>
    </ClCompile>
    <ClCompile Include="..\..\..\..\Firmware_F103 V1.1\GUI_DRV\src\font.c">
      <Filter>Source files\GUI_DRV</Filter>
    </ClCompile>
    <ClCompile Include="..\..\..\..\Firmware_F103 V1.1\GUI_DRV\src\gui_basic.c">
      <Filter>Source files\GUI_DRV</Filter>
    </ClCompile>
    <ClCompile Include="..\..\..\..\Firmware_F103 V1.1\GUI_DRV\src\gui_menu.c">
      <Filter>Source files\GUI_DRV</Filter>
    </ClCompile>
    <ClCompile Include="..\..\..\..\Firmware_F103 V1.1\GUI_DRV\src\lcmdrv.c">
      <Filter>Source files\GUI_DRV</Filter>
    </ClCompile>
    <ClCompile Include="..\..\..\..\Firmware_F103 V1.1\GUI_DRV\src\messagebox.c">
      <Filter>Source files\GUI_DRV</Filter>
    </ClCompile>
    <ClCompile Include="..\..\..\..\Firmware_F103 V1.1\GUI_DRV\src\scrollbar.c">
      <Filter>Source files\GUI_DRV</Filter>
    </ClCompile>
    <ClCompile Include="..\..\..\..\Firmware_F103 V1.1\GUI_DRV\src\text.c">
      <Filter>Source files\GUI_DRV</Filter>
    </ClCompile>
    <ClCompile Include="..\..\..\..\Firmware_F103 V1.1\GUI_DRV\src\windows.c">
      <Filter>Source files\GUI_DRV</Filter>
    </ClCompile>
    <ClCompile Include="..\..\..\..\Firmware_F103 V1.1\FreeRTOS\list.c">
      <Filter>Source files\FreeRTOS</Filter>
    </ClCompile>
    <ClCompile Include="..\..\..\..\Firmware_F103 V1.1\FreeRTOS\queue.c">
      <Filter>Source files\FreeRTOS</Filter>
    </ClCompile>
    <ClCompile Include="..\..\..\..\Firmware_F103 V1.1\FreeRTOS\tasks.c">
      <Filter>Source files\FreeRTOS</Filter>
    </ClCompile>
    <ClCompile Include="..\..\..\..\Firmware_F103 V1.1\FreeRTOS\timers.c">
      <Filter>Source files\FreeRTOS</Filter>
    </ClCompile>
    <ClCompile Include="..\..\..\..\Firmware_F103 V1.1\FreeRTOS\portable\RVDS\ARM_CM3\port.c">
      <Filter>Source files\FreeRTOS</Filter>
    </ClCompile>
    <ClCompile Include="..\..\..\..\Firmware_F103 V1.1\FreeRTOS\portable\MemMang\heap_4.c">
      <Filter>Source files\FreeRTOS</Filter>
    </ClCompile>
    <ClCompile Include="..\..\..\..\Firmware_F103 V1.1\USB\CONFIG\hw_config.c">
      <Filter>Source files\USB_CONFIG</Filter>
    </ClCompile>
    <ClCompile Include="..\..\..\..\Firmware_F103 V1.1\USB\CONFIG\usb_desc.c">
      <Filter>Source files\USB_CONFIG</Filter>
    </ClCompile>
    <ClCompile Include="..\..\..\..\Firmware_F103 V1.1\USB\CONFIG\usb_endp.c">
      <Filter>Source files\USB_CONFIG</Filter>
    </ClCompile>
    <ClCompile Include="..\..\..\..\Firmware_F103 V1.1\USB\CONFIG\usb_istr.c">
      <Filter>Source files\USB_CONFIG</Filter>
    </ClCompile>
    <ClCompile Include="..\..\..\..\Firmware_F103 V1.1\USB\CONFIG\usb_prop.c">
      <Filter>Source files\USB_CONFIG</Filter>
    </ClCompile>
    <ClCompile Include="..\..\..\..\Firmware_F103 V1.1\USB\CONFIG\usb_pwr.c">
      <Filter>Source files\USB_CONFIG</Filter>
    </ClCompile>
    <ClCompile Include="..\..\..\..\Firmware_F103 V1.1\USB\STM32_USB-FS-Device_Driver\src\usb_core.c">
      <Filter>Source files\USB_CORE</Filter>
    </ClCompile>
    <ClCompile Include="..\..\..\..\Firmware_F103 V1.1\USB\STM32_USB-FS-Device_Driver\src\usb_init.c">
      <Filter>Source files\USB_CORE</Filter>
    </ClCompile>
    <ClCompile Include="..\..\..\..\Firmware_F103 V1.1\USB\STM32_USB-FS-Device_Driver\src\usb_int.c">
      <Filter>Source files\USB_CORE</Filter>
    </ClCompile>
    <ClCompile Include="..\..\..\..\Firmware_F103 V1.1\USB\STM32_USB-FS-Device_Driver\src\usb_mem.c">
      <Filter>Source files\USB_CORE</Filter>
    </ClCompile>
    <ClCompile Include="..\..\..\..\Firmware_F103 V1.1\USB\STM32_USB-FS-Device_Driver\src\usb_regs.c">
      <Filter>Source files\USB_CORE</Filter>
    </ClCompile>
    <ClCompile Include="..\..\..\..\Firmware_F103 V1.1\USB\STM32_USB-FS-Device_Driver\src\usb_sil.c">
      <Filter>Source files\USB_CORE</Filter>
    </ClCompile>
    <ClCompile Include="..\..\..\..\Firmware_F103 V1.1\STM32F10x_FWLib\src\misc.c">
      <Filter>Source files\FWLib</Filter>
    </ClCompile>
    <ClCompile Include="..\..\..\..\Firmware_F103 V1.1\STM32F10x_FWLib\src\stm32f10x_gpio.c">
      <Filter>Source files\FWLib</Filter>
    </ClCompile>
    <ClCompile Include="..\..\..\..\Firmware_F103 V1.1\STM32F10x_FWLib\src\stm32f10x_rcc.c">
      <Filter>Source files\FWLib</Filter>
    </ClCompile>
    <ClCompile Include="..\..\..\..\Firmware_F103 V1.1\STM32F10x_FWLib\src\stm32f10x_usart.c">
      <Filter>Source files\FWLib</Filter>
    </ClCompile>
    <ClCompile Include="..\..\..\..\Firmware_F103 V1.1\STM32F10x_FWLib\src\stm32f10x_adc.c">
      <Filter>Source files\FWLib</Filter>
    </ClCompile>
    <ClCompile Include="..\..\..\..\Firmware_F103 V1.1\STM32F10x_FWLib\src\stm32f10x_spi.c">
      <Filter>Source files\FWLib</Filter>
    </ClCompile>
    <ClCompile Include="..\..\..\..\Firmware_F103 V1.1\STM32F10x_FWLib\src\stm32f10x_exti.c">
      <Filter>Source files\FWLib</Filter>
    </ClCompile>
    <ClCompile Include="..\..\..\..\Firmware_F103 V1.1\STM32F10x_FWLib\src\stm32f10x_dma.c">
      <Filter>Source files\FWLib</Filter>
    </ClCompile>
    <ClCompile Include="..\..\..\..\Firmware_F103 V1.1\STM32F10x_FWLib\src\stm32f10x_flash.c">
      <Filter>Source files\FWLib</Filter>
    </ClCompile>
    <ClCompile Include="..\..\..\..\Firmware_F103 V1.1\CORE\startup_stm32f10x_md.s">
      <Filter>Source files\CORE</Filter>
    </ClCompile>
    <None Include="mcu.props">
      <Filter>Source files\Device-specific files</Filter>
    </None>
    <ClInclude Include="..\..\..\..\Firmware_F103 V1.1\CONFIG\interface\config_param.h">
      <Filter>Header files\CONFIG</Filter>
    </ClInclude>
    <ClInclude Include="..\..\..\..\Firmware_F103 V1.1\FreeRTOS\portable\RVDS\ARM_CM3\portmacro.h">
      <Filter>Header files\FreeRTOS</Filter>
    </ClInclude>
    <ClInclude Include="..\..\..\..\Firmware_F103 V1.1\USB\CONFIG\usb_conf.h">
      <Filter>Header files\USB_CONFIG</Filter>
    </ClInclude>
    <None Include="..\..\..\..\Firmware_F103 V1.1\README.TXT">
      <Filter>Header files\README</Filter>
    </None>
    <ClInclude Include="$(BSP_ROOT)\Device\Include\stm32f10x.h">
      <Filter>Header files\Device-specific files</Filter>
    </ClInclude>
    <None Include="MiniFlyRemoter-Debug.vgdbsettings">
      <Filter>VisualGDB settings</Filter>
    </None>
    <None Include="MiniFlyRemoter-Release.vgdbsettings">
      <Filter>VisualGDB settings</Filter>
    </None>
    <None Include="MCU.xml">
      <Filter>VisualGDB settings</Filter>
    </None>
  </ItemGroup>
</Project>